
Microsoft Visual Studio Solution File, Format Version 12.00
# Visual Studio Version 17
VisualStudioVersion = 17.8.34322.80
MinimumVisualStudioVersion = 10.0.40219.1
Project("{FAE04EC0-301F-11D3-BF4B-00C04F79EFBC}") = "Notification", "Notification.csproj", "{C26BDB52-C026-4735-AF81-D8917A1F2646}"
EndProject
Global
	GlobalSection(SolutionConfigurationPlatforms) = preSolution
		Debug|Any CPU = Debug|Any CPU
		Release|Any CPU = Release|Any CPU
	EndGlobalSection
	GlobalSection(ProjectConfigurationPlatforms) = postSolution
		{C26BDB52-C026-4735-AF81-D8917A1F2646}.Debug|Any CPU.ActiveCfg = Debug|Any CPU
		{C26BDB52-C026-4735-AF81-D8917A1F2646}.Debug|Any CPU.Build.0 = Debug|Any CPU
		{C26BDB52-C026-4735-AF81-D8917A1F2646}.Release|Any CPU.ActiveCfg = Release|Any CPU
		{C26BDB52-C026-4735-AF81-D8917A1F2646}.Release|Any CPU.Build.0 = Release|Any CPU
	EndGlobalSection
	GlobalSection(SolutionProperties) = preSolution
		HideSolutionNode = FALSE
	EndGlobalSection
	GlobalSection(ExtensibilityGlobals) = postSolution
		SolutionGuid = {FF10E796-B6AD-4D30-95B7-F48757058345}
	EndGlobalSection
EndGlobal
